{
    "name": "octopo-js",
    "version": "0.9.0",
    "lockfileVersion": 2,
    "requires": true,
    "packages": {
        "": {
            "name": "octopo-js",
            "version": "0.9.0",
            "license": "SEE LICENSE IN LICENSE.md",
            "devDependencies": {}
        }
    }
}
